<?xml version="1.0" encoding="utf-8"?>
<Project ToolsVersion="4.0" xmlns="http://schemas.microsoft.com/developer/msbuild/2003">
  <ItemGroup>
    <Filter Include="Source Files">
      <UniqueIdentifier>{4FC737F1-C7A5-4376-A066-2A32D752A2FF}</UniqueIdentifier>
      <Extensions>cpp;c;cc;cxx;c++;cppm;ixx;def;odl;idl;hpj;bat;asm;asmx</Extensions>
    </Filter>
    <Filter Include="Header Files">
      <UniqueIdentifier>{93995380-89BD-4b04-88EB-625FBE52EBFB}</UniqueIdentifier>
      <Extensions>h;hh;hpp;hxx;h++;hm;inl;inc;ipp;xsd</Extensions>
    </Filter>
    <Filter Include="Resource Files">
      <UniqueIdentifier>{67DA6AB6-F800-4c08-8B7A-83BB121AAD01}</UniqueIdentifier>
      <Extensions>rc;ico;cur;bmp;dlg;rc2;rct;bin;rgs;gif;jpg;jpeg;jpe;resx;tiff;tif;png;wav;mfcribbon-ms</Extensions>
    </Filter>
  </ItemGroup>
  <ItemGroup>
    <ClInclude Include="base.h">
      <Filter>Header Files</Filter>
    </ClInclude>
    <ClInclude Include="GridServer.h">
      <Filter>Header Files</Filter>
    </ClInclude>
    <ClInclude Include="GridCommunication.h">
      <Filter>Header Files</Filter>
    </ClInclude>
    <ClInclude Include="GridClient.h">
      <Filter>Header Files</Filter>
    </ClInclude>
    <ClInclude Include="SocketThreadServer.h">
      <Filter>Header Files</Filter>
    </ClInclude>
    <ClInclude Include="GridMasterBase.h">
      <Filter>Header Files</Filter>
    </ClInclude>
    <ClInclude Include="GridSlaveBase.h">
      <Filter>Header Files</Filter>
    </ClInclude>
    <ClInclude Include="MyGridSlave.h">
      <Filter>Header Files</Filter>
    </ClInclude>
    <ClInclude Include="MyGridMaster.h">
      <Filter>Header Files</Filter>
    </ClInclude>
    <ClInclude Include="SocketThreadClient.h">
      <Filter>Header Files</Filter>
    </ClInclude>
  </ItemGroup>
  <ItemGroup>
    <ClCompile Include="base.cpp">
      <Filter>Source Files</Filter>
    </ClCompile>
    <ClCompile Include="GridServer.cpp">
      <Filter>Source Files</Filter>
    </ClCompile>
    <ClCompile Include="GridCommunication.cpp">
      <Filter>Source Files</Filter>
    </ClCompile>
    <ClCompile Include="GridClient.cpp">
      <Filter>Source Files</Filter>
    </ClCompile>
    <ClCompile Include="SocketThreadServer.cpp">
      <Filter>Source Files</Filter>
    </ClCompile>
    <ClCompile Include="GridMasterBase.cpp">
      <Filter>Source Files</Filter>
    </ClCompile>
    <ClCompile Include="GridSlaveBase.cpp">
      <Filter>Source Files</Filter>
    </ClCompile>
    <ClCompile Include="MyGridSlave.cpp">
      <Filter>Source Files</Filter>
    </ClCompile>
    <ClCompile Include="MyGridMaster.cpp">
      <Filter>Source Files</Filter>
    </ClCompile>
    <ClCompile Include="SocketThreadClient.cpp">
      <Filter>Source Files</Filter>
    </ClCompile>
  </ItemGroup>
  <ItemGroup>
    <None Include="cpp.hint" />
  </ItemGroup>
</Project>